
Microsoft Visual Studio Solution File, Format Version 12.00
# Visual Studio Version 17
VisualStudioVersion = 17.0.32112.339
MinimumVisualStudioVersion = 10.0.40219.1
Project("{8BC9CEB8-8B4A-11D0-8D11-00A0C91BC942}") = "JSON", "JSON.vcxproj", "{5DEA691D-DD33-4D40-9D83-05CC1906DF1C}"
	ProjectSection(ProjectDependencies) = postProject
		{FA5A999D-8295-4CCA-AFC2-1566B1276928} = {FA5A999D-8295-4CCA-AFC2-1566B1276928}
	EndProjectSection
EndProject
Project("{8BC9CEB8-8B4A-11D0-8D11-00A0C91BC942}") = "Dictionary", "..\Dictionary\Dictionary.vcxproj", "{FA5A999D-8295-4CCA-AFC2-1566B1276928}"
EndProject
Global
	GlobalSection(SolutionConfigurationPlatforms) = preSolution
		Debug Dynamic Library|x64 = Debug Dynamic Library|x64
		Debug Dynamic Library|x86 = Debug Dynamic Library|x86
		Debug|x64 = Debug|x64
		Debug|x86 = Debug|x86
		Release Dynamic Library|x64 = Release Dynamic Library|x64
		Release Dynamic Library|x86 = Release Dynamic Library|x86
		Release|x64 = Release|x64
		Release|x86 = Release|x86
	EndGlobalSection
	GlobalSection(ProjectConfigurationPlatforms) = postSolution
		{5DEA691D-DD33-4D40-9D83-05CC1906DF1C}.Debug Dynamic Library|x64.ActiveCfg = Debug|x64
		{5DEA691D-DD33-4D40-9D83-05CC1906DF1C}.Debug Dynamic Library|x64.Build.0 = Debug|x64
		{5DEA691D-DD33-4D40-9D83-05CC1906DF1C}.Debug Dynamic Library|x86.ActiveCfg = Debug|Win32
		{5DEA691D-DD33-4D40-9D83-05CC1906DF1C}.Debug Dynamic Library|x86.Build.0 = Debug|Win32
		{5DEA691D-DD33-4D40-9D83-05CC1906DF1C}.Debug|x64.ActiveCfg = Debug|x64
		{5DEA691D-DD33-4D40-9D83-05CC1906DF1C}.Debug|x64.Build.0 = Debug|x64
		{5DEA691D-DD33-4D40-9D83-05CC1906DF1C}.Debug|x86.ActiveCfg = Debug|Win32
		{5DEA691D-DD33-4D40-9D83-05CC1906DF1C}.Debug|x86.Build.0 = Debug|Win32
		{5DEA691D-DD33-4D40-9D83-05CC1906DF1C}.Release Dynamic Library|x64.ActiveCfg = Release|x64
		{5DEA691D-DD33-4D40-9D83-05CC1906DF1C}.Release Dynamic Library|x64.Build.0 = Release|x64
		{5DEA691D-DD33-4D40-9D83-05CC1906DF1C}.Release Dynamic Library|x86.ActiveCfg = Release|Win32
		{5DEA691D-DD33-4D40-9D83-05CC1906DF1C}.Release Dynamic Library|x86.Build.0 = Release|Win32
		{5DEA691D-DD33-4D40-9D83-05CC1906DF1C}.Release|x64.ActiveCfg = Release|x64
		{5DEA691D-DD33-4D40-9D83-05CC1906DF1C}.Release|x64.Build.0 = Release|x64
		{5DEA691D-DD33-4D40-9D83-05CC1906DF1C}.Release|x86.ActiveCfg = Release|Win32
		{5DEA691D-DD33-4D40-9D83-05CC1906DF1C}.Release|x86.Build.0 = Release|Win32
		{FA5A999D-8295-4CCA-AFC2-1566B1276928}.Debug Dynamic Library|x64.ActiveCfg = Debug Dynamic Library|x64
		{FA5A999D-8295-4CCA-AFC2-1566B1276928}.Debug Dynamic Library|x64.Build.0 = Debug Dynamic Library|x64
		{FA5A999D-8295-4CCA-AFC2-1566B1276928}.Debug Dynamic Library|x86.ActiveCfg = Debug Dynamic Library|Win32
		{FA5A999D-8295-4CCA-AFC2-1566B1276928}.Debug Dynamic Library|x86.Build.0 = Debug Dynamic Library|Win32
		{FA5A999D-8295-4CCA-AFC2-1566B1276928}.Debug|x64.ActiveCfg = Debug|x64
		{FA5A999D-8295-4CCA-AFC2-1566B1276928}.Debug|x64.Build.0 = Debug|x64
		{FA5A999D-8295-4CCA-AFC2-1566B1276928}.Debug|x86.ActiveCfg = Debug|Win32
		{FA5A999D-8295-4CCA-AFC2-1566B1276928}.Debug|x86.Build.0 = Debug|Win32
		{FA5A999D-8295-4CCA-AFC2-1566B1276928}.Release Dynamic Library|x64.ActiveCfg = Release Dynamic Library|x64
		{FA5A999D-8295-4CCA-AFC2-1566B1276928}.Release Dynamic Library|x64.Build.0 = Release Dynamic Library|x64
		{FA5A999D-8295-4CCA-AFC2-1566B1276928}.Release Dynamic Library|x86.ActiveCfg = Release Dynamic Library|Win32
		{FA5A999D-8295-4CCA-AFC2-1566B1276928}.Release Dynamic Library|x86.Build.0 = Release Dynamic Library|Win32
		{FA5A999D-8295-4CCA-AFC2-1566B1276928}.Release|x64.ActiveCfg = Release|x64
		{FA5A999D-8295-4CCA-AFC2-1566B1276928}.Release|x64.Build.0 = Release|x64
		{FA5A999D-8295-4CCA-AFC2-1566B1276928}.Release|x86.ActiveCfg = Release|Win32
		{FA5A999D-8295-4CCA-AFC2-1566B1276928}.Release|x86.Build.0 = Release|Win32
	EndGlobalSection
	GlobalSection(SolutionProperties) = preSolution
		HideSolutionNode = FALSE
	EndGlobalSection
	GlobalSection(ExtensibilityGlobals) = postSolution
		SolutionGuid = {6B381E86-C509-4D2A-995E-0EB349E60D7E}
	EndGlobalSection
EndGlobal
